// !$*UTF8*$!
{
	archiveVersion = 1;
	classes = {
	};
	objectVersion = 50;
	objects = {

/* Begin PBXBuildFile section */
		3F2BA75623F74DA200E91400 /* LoginViewController.xib in Resources */ = {isa = PBXBuildFile; fileRef = 3F2BA75523F74DA200E91400 /* LoginViewController.xib */; };
		3F2BA75823F74F1A00E91400 /* LoginView.swift in Sources */ = {isa = PBXBuildFile; fileRef = 3F2BA75723F74F1A00E91400 /* LoginView.swift */; };
		3F2BA75A23F75F2300E91400 /* SignUpView.swift in Sources */ = {isa = PBXBuildFile; fileRef = 3F2BA75923F75F2300E91400 /* SignUpView.swift */; };
		C031680223F47DD20094A6F3 /* ConfirmCodeViewController.swift in Sources */ = {isa = PBXBuildFile; fileRef = C031680023F47DD20094A6F3 /* ConfirmCodeViewController.swift */; };
		C031680323F47DD20094A6F3 /* ConfirmCodeViewController.xib in Resources */ = {isa = PBXBuildFile; fileRef = C031680123F47DD20094A6F3 /* ConfirmCodeViewController.xib */; };
		C070980023F3AD6900CEC9E4 /* VerificationViewController.swift in Sources */ = {isa = PBXBuildFile; fileRef = C07097FE23F3AD6900CEC9E4 /* VerificationViewController.swift */; };
		C070980123F3AD6900CEC9E4 /* VerificationViewController.xib in Resources */ = {isa = PBXBuildFile; fileRef = C07097FF23F3AD6900CEC9E4 /* VerificationViewController.xib */; };
		C070980423F3AD8C00CEC9E4 /* SignUpViewController.swift in Sources */ = {isa = PBXBuildFile; fileRef = C070980223F3AD8C00CEC9E4 /* SignUpViewController.swift */; };
		C070980523F3AD8C00CEC9E4 /* SignUpViewController.xib in Resources */ = {isa = PBXBuildFile; fileRef = C070980323F3AD8C00CEC9E4 /* SignUpViewController.xib */; };
		C070980823F3ADBC00CEC9E4 /* ProfileViewController.swift in Sources */ = {isa = PBXBuildFile; fileRef = C070980623F3ADBC00CEC9E4 /* ProfileViewController.swift */; };
		C070980923F3ADBC00CEC9E4 /* ProfileViewController.xib in Resources */ = {isa = PBXBuildFile; fileRef = C070980723F3ADBC00CEC9E4 /* ProfileViewController.xib */; };
		C070980C23F3ADD800CEC9E4 /* LoginViewController.swift in Sources */ = {isa = PBXBuildFile; fileRef = C070980A23F3ADD800CEC9E4 /* LoginViewController.swift */; };
		C070981023F3AE0000CEC9E4 /* MarketplaceViewController.swift in Sources */ = {isa = PBXBuildFile; fileRef = C070980E23F3AE0000CEC9E4 /* MarketplaceViewController.swift */; };
		C070981123F3AE0000CEC9E4 /* MarketplaceViewController.xib in Resources */ = {isa = PBXBuildFile; fileRef = C070980F23F3AE0000CEC9E4 /* MarketplaceViewController.xib */; };
		C070981423F3AE2E00CEC9E4 /* ChatViewController.swift in Sources */ = {isa = PBXBuildFile; fileRef = C070981223F3AE2E00CEC9E4 /* ChatViewController.swift */; };
		C070981523F3AE2E00CEC9E4 /* ChatViewController.xib in Resources */ = {isa = PBXBuildFile; fileRef = C070981323F3AE2E00CEC9E4 /* ChatViewController.xib */; };
		C070981C23F3E40A00CEC9E4 /* CurrentOrdersViewController.swift in Sources */ = {isa = PBXBuildFile; fileRef = C070981A23F3E40A00CEC9E4 /* CurrentOrdersViewController.swift */; };
		C070981D23F3E40A00CEC9E4 /* CurrentOrdersViewController.xib in Resources */ = {isa = PBXBuildFile; fileRef = C070981B23F3E40A00CEC9E4 /* CurrentOrdersViewController.xib */; };
		C070982323F3E68200CEC9E4 /* AddItemViewController.swift in Sources */ = {isa = PBXBuildFile; fileRef = C070982123F3E68200CEC9E4 /* AddItemViewController.swift */; };
		C070982423F3E68200CEC9E4 /* AddItemViewController.xib in Resources */ = {isa = PBXBuildFile; fileRef = C070982223F3E68200CEC9E4 /* AddItemViewController.xib */; };
		C092E30823F0CA8300B79FF8 /* AppDelegate.swift in Sources */ = {isa = PBXBuildFile; fileRef = C092E30723F0CA8300B79FF8 /* AppDelegate.swift */; };
		C092E30A23F0CA8300B79FF8 /* SceneDelegate.swift in Sources */ = {isa = PBXBuildFile; fileRef = C092E30923F0CA8300B79FF8 /* SceneDelegate.swift */; };
		C092E30C23F0CA8300B79FF8 /* ViewController.swift in Sources */ = {isa = PBXBuildFile; fileRef = C092E30B23F0CA8300B79FF8 /* ViewController.swift */; };
		C092E30F23F0CA8300B79FF8 /* Main.storyboard in Resources */ = {isa = PBXBuildFile; fileRef = C092E30D23F0CA8300B79FF8 /* Main.storyboard */; };
		C092E31223F0CA8300B79FF8 /* Divvy.xcdatamodeld in Sources */ = {isa = PBXBuildFile; fileRef = C092E31023F0CA8300B79FF8 /* Divvy.xcdatamodeld */; };
		C092E31423F0CA8700B79FF8 /* Assets.xcassets in Resources */ = {isa = PBXBuildFile; fileRef = C092E31323F0CA8700B79FF8 /* Assets.xcassets */; };
		C092E31723F0CA8700B79FF8 /* LaunchScreen.storyboard in Resources */ = {isa = PBXBuildFile; fileRef = C092E31523F0CA8700B79FF8 /* LaunchScreen.storyboard */; };
		C092E32223F0CA8700B79FF8 /* DivvyTests.swift in Sources */ = {isa = PBXBuildFile; fileRef = C092E32123F0CA8700B79FF8 /* DivvyTests.swift */; };
		C092E32D23F0CA8700B79FF8 /* DivvyUITests.swift in Sources */ = {isa = PBXBuildFile; fileRef = C092E32C23F0CA8700B79FF8 /* DivvyUITests.swift */; };
/* End PBXBuildFile section */

/* Begin PBXContainerItemProxy section */
		C092E31E23F0CA8700B79FF8 /* PBXContainerItemProxy */ = {
			isa = PBXContainerItemProxy;
			containerPortal = C092E2FC23F0CA8300B79FF8 /* Project object */;
			proxyType = 1;
			remoteGlobalIDString = C092E30323F0CA8300B79FF8;
			remoteInfo = Divvy;
		};
		C092E32923F0CA8700B79FF8 /* PBXContainerItemProxy */ = {
			isa = PBXContainerItemProxy;
			containerPortal = C092E2FC23F0CA8300B79FF8 /* Project object */;
			proxyType = 1;
			remoteGlobalIDString = C092E30323F0CA8300B79FF8;
			remoteInfo = Divvy;
		};
/* End PBXContainerItemProxy section */

/* Begin PBXFileReference section */
		3F2BA75523F74DA200E91400 /* LoginViewController.xib */ = {isa = PBXFileReference; lastKnownFileType = file.xib; path = LoginViewController.xib; sourceTree = "<group>"; };
		3F2BA75723F74F1A00E91400 /* LoginView.swift */ = {isa = PBXFileReference; lastKnownFileType = sourcecode.swift; path = LoginView.swift; sourceTree = "<group>"; };
		3F2BA75923F75F2300E91400 /* SignUpView.swift */ = {isa = PBXFileReference; lastKnownFileType = sourcecode.swift; path = SignUpView.swift; sourceTree = "<group>"; };
		C031680023F47DD20094A6F3 /* ConfirmCodeViewController.swift */ = {isa = PBXFileReference; lastKnownFileType = sourcecode.swift; path = ConfirmCodeViewController.swift; sourceTree = "<group>"; };
		C031680123F47DD20094A6F3 /* ConfirmCodeViewController.xib */ = {isa = PBXFileReference; lastKnownFileType = file.xib; path = ConfirmCodeViewController.xib; sourceTree = "<group>"; };
		C031680423F485810094A6F3 /* MaxFile.md */ = {isa = PBXFileReference; lastKnownFileType = net.daringfireball.markdown; path = MaxFile.md; sourceTree = "<group>"; };
		C07097FE23F3AD6900CEC9E4 /* VerificationViewController.swift */ = {isa = PBXFileReference; lastKnownFileType = sourcecode.swift; path = VerificationViewController.swift; sourceTree = "<group>"; };
		C07097FF23F3AD6900CEC9E4 /* VerificationViewController.xib */ = {isa = PBXFileReference; lastKnownFileType = file.xib; path = VerificationViewController.xib; sourceTree = "<group>"; };
		C070980223F3AD8C00CEC9E4 /* SignUpViewController.swift */ = {isa = PBXFileReference; lastKnownFileType = sourcecode.swift; path = SignUpViewController.swift; sourceTree = "<group>"; };
		C070980323F3AD8C00CEC9E4 /* SignUpViewController.xib */ = {isa = PBXFileReference; lastKnownFileType = file.xib; path = SignUpViewController.xib; sourceTree = "<group>"; };
		C070980623F3ADBC00CEC9E4 /* ProfileViewController.swift */ = {isa = PBXFileReference; lastKnownFileType = sourcecode.swift; path = ProfileViewController.swift; sourceTree = "<group>"; };
		C070980723F3ADBC00CEC9E4 /* ProfileViewController.xib */ = {isa = PBXFileReference; lastKnownFileType = file.xib; path = ProfileViewController.xib; sourceTree = "<group>"; };
		C070980A23F3ADD800CEC9E4 /* LoginViewController.swift */ = {isa = PBXFileReference; lastKnownFileType = sourcecode.swift; path = LoginViewController.swift; sourceTree = "<group>"; };
		C070980E23F3AE0000CEC9E4 /* MarketplaceViewController.swift */ = {isa = PBXFileReference; lastKnownFileType = sourcecode.swift; path = MarketplaceViewController.swift; sourceTree = "<group>"; };
		C070980F23F3AE0000CEC9E4 /* MarketplaceViewController.xib */ = {isa = PBXFileReference; lastKnownFileType = file.xib; path = MarketplaceViewController.xib; sourceTree = "<group>"; };
		C070981223F3AE2E00CEC9E4 /* ChatViewController.swift */ = {isa = PBXFileReference; lastKnownFileType = sourcecode.swift; path = ChatViewController.swift; sourceTree = "<group>"; };
		C070981323F3AE2E00CEC9E4 /* ChatViewController.xib */ = {isa = PBXFileReference; lastKnownFileType = file.xib; path = ChatViewController.xib; sourceTree = "<group>"; };
		C070981A23F3E40A00CEC9E4 /* CurrentOrdersViewController.swift */ = {isa = PBXFileReference; lastKnownFileType = sourcecode.swift; path = CurrentOrdersViewController.swift; sourceTree = "<group>"; };
		C070981B23F3E40A00CEC9E4 /* CurrentOrdersViewController.xib */ = {isa = PBXFileReference; lastKnownFileType = file.xib; path = CurrentOrdersViewController.xib; sourceTree = "<group>"; };
		C070982123F3E68200CEC9E4 /* AddItemViewController.swift */ = {isa = PBXFileReference; lastKnownFileType = sourcecode.swift; path = AddItemViewController.swift; sourceTree = "<group>"; };
		C070982223F3E68200CEC9E4 /* AddItemViewController.xib */ = {isa = PBXFileReference; lastKnownFileType = file.xib; path = AddItemViewController.xib; sourceTree = "<group>"; };
		C092E30423F0CA8300B79FF8 /* Divvy.app */ = {isa = PBXFileReference; explicitFileType = wrapper.application; includeInIndex = 0; path = Divvy.app; sourceTree = BUILT_PRODUCTS_DIR; };
		C092E30723F0CA8300B79FF8 /* AppDelegate.swift */ = {isa = PBXFileReference; lastKnownFileType = sourcecode.swift; path = AppDelegate.swift; sourceTree = "<group>"; };
		C092E30923F0CA8300B79FF8 /* SceneDelegate.swift */ = {isa = PBXFileReference; lastKnownFileType = sourcecode.swift; path = SceneDelegate.swift; sourceTree = "<group>"; };
		C092E30B23F0CA8300B79FF8 /* ViewController.swift */ = {isa = PBXFileReference; lastKnownFileType = sourcecode.swift; path = ViewController.swift; sourceTree = "<group>"; };
		C092E30E23F0CA8300B79FF8 /* Base */ = {isa = PBXFileReference; lastKnownFileType = file.storyboard; name = Base; path = Base.lproj/Main.storyboard; sourceTree = "<group>"; };
		C092E31123F0CA8300B79FF8 /* Divvy.xcdatamodel */ = {isa = PBXFileReference; lastKnownFileType = wrapper.xcdatamodel; path = Divvy.xcdatamodel; sourceTree = "<group>"; };
		C092E31323F0CA8700B79FF8 /* Assets.xcassets */ = {isa = PBXFileReference; lastKnownFileType = folder.assetcatalog; path = Assets.xcassets; sourceTree = "<group>"; };
		C092E31623F0CA8700B79FF8 /* Base */ = {isa = PBXFileReference; lastKnownFileType = file.storyboard; name = Base; path = Base.lproj/LaunchScreen.storyboard; sourceTree = "<group>"; };
		C092E31823F0CA8700B79FF8 /* Info.plist */ = {isa = PBXFileReference; lastKnownFileType = text.plist.xml; path = Info.plist; sourceTree = "<group>"; };
		C092E31D23F0CA8700B79FF8 /* DivvyTests.xctest */ = {isa = PBXFileReference; explicitFileType = wrapper.cfbundle; includeInIndex = 0; path = DivvyTests.xctest; sourceTree = BUILT_PRODUCTS_DIR; };
		C092E32123F0CA8700B79FF8 /* DivvyTests.swift */ = {isa = PBXFileReference; lastKnownFileType = sourcecode.swift; path = DivvyTests.swift; sourceTree = "<group>"; };
		C092E32323F0CA8700B79FF8 /* Info.plist */ = {isa = PBXFileReference; lastKnownFileType = text.plist.xml; path = Info.plist; sourceTree = "<group>"; };
		C092E32823F0CA8700B79FF8 /* DivvyUITests.xctest */ = {isa = PBXFileReference; explicitFileType = wrapper.cfbundle; includeInIndex = 0; path = DivvyUITests.xctest; sourceTree = BUILT_PRODUCTS_DIR; };
		C092E32C23F0CA8700B79FF8 /* DivvyUITests.swift */ = {isa = PBXFileReference; lastKnownFileType = sourcecode.swift; path = DivvyUITests.swift; sourceTree = "<group>"; };
		C092E32E23F0CA8700B79FF8 /* Info.plist */ = {isa = PBXFileReference; lastKnownFileType = text.plist.xml; path = Info.plist; sourceTree = "<group>"; };
/* End PBXFileReference section */

/* Begin PBXFrameworksBuildPhase section */
		C092E30123F0CA8300B79FF8 /* Frameworks */ = {
			isa = PBXFrameworksBuildPhase;
			buildActionMask = 2147483647;
			files = (
			);
			runOnlyForDeploymentPostprocessing = 0;
		};
		C092E31A23F0CA8700B79FF8 /* Frameworks */ = {
			isa = PBXFrameworksBuildPhase;
			buildActionMask = 2147483647;
			files = (
			);
			runOnlyForDeploymentPostprocessing = 0;
		};
		C092E32523F0CA8700B79FF8 /* Frameworks */ = {
			isa = PBXFrameworksBuildPhase;
			buildActionMask = 2147483647;
			files = (
			);
			runOnlyForDeploymentPostprocessing = 0;
		};
/* End PBXFrameworksBuildPhase section */

/* Begin PBXGroup section */
		C03167FD23F47D9A0094A6F3 /* ConfirmCode */ = {
			isa = PBXGroup;
			children = (
				C03167FF23F47DC00094A6F3 /* Controllers */,
				C03167FE23F47DBB0094A6F3 /* Views */,
			);
			path = ConfirmCode;
			sourceTree = "<group>";
		};
		C03167FE23F47DBB0094A6F3 /* Views */ = {
			isa = PBXGroup;
			children = (
				C031680123F47DD20094A6F3 /* ConfirmCodeViewController.xib */,
			);
			path = Views;
			sourceTree = "<group>";
		};
		C03167FF23F47DC00094A6F3 /* Controllers */ = {
			isa = PBXGroup;
			children = (
				C031680023F47DD20094A6F3 /* ConfirmCodeViewController.swift */,
			);
			path = Controllers;
			sourceTree = "<group>";
		};
		C07097FD23F3A65F00CEC9E4 /* SupportingFiles */ = {
			isa = PBXGroup;
			children = (
				C092E30923F0CA8300B79FF8 /* SceneDelegate.swift */,
				C092E31323F0CA8700B79FF8 /* Assets.xcassets */,
			);
			path = SupportingFiles;
			sourceTree = "<group>";
		};
		C070981723F3E3CA00CEC9E4 /* CurrentOrders */ = {
			isa = PBXGroup;
			children = (
				C070981923F3E3EF00CEC9E4 /* Controllers */,
				C070981823F3E3E800CEC9E4 /* Views */,
			);
			path = CurrentOrders;
			sourceTree = "<group>";
		};
		C070981823F3E3E800CEC9E4 /* Views */ = {
			isa = PBXGroup;
			children = (
				C070981B23F3E40A00CEC9E4 /* CurrentOrdersViewController.xib */,
			);
			path = Views;
			sourceTree = "<group>";
		};
		C070981923F3E3EF00CEC9E4 /* Controllers */ = {
			isa = PBXGroup;
			children = (
				C070981A23F3E40A00CEC9E4 /* CurrentOrdersViewController.swift */,
			);
			path = Controllers;
			sourceTree = "<group>";
		};
		C070981E23F3E63500CEC9E4 /* AddItem */ = {
			isa = PBXGroup;
			children = (
				C070982023F3E66B00CEC9E4 /* Controllers */,
				C070981F23F3E66300CEC9E4 /* Views */,
			);
			path = AddItem;
			sourceTree = "<group>";
		};
		C070981F23F3E66300CEC9E4 /* Views */ = {
			isa = PBXGroup;
			children = (
				C070982223F3E68200CEC9E4 /* AddItemViewController.xib */,
			);
			path = Views;
			sourceTree = "<group>";
		};
		C070982023F3E66B00CEC9E4 /* Controllers */ = {
			isa = PBXGroup;
			children = (
				C070982123F3E68200CEC9E4 /* AddItemViewController.swift */,
			);
			path = Controllers;
			sourceTree = "<group>";
		};
		C092E2FB23F0CA8300B79FF8 = {
			isa = PBXGroup;
			children = (
				C092E30623F0CA8300B79FF8 /* Divvy */,
				C092E32023F0CA8700B79FF8 /* DivvyTests */,
				C092E32B23F0CA8700B79FF8 /* DivvyUITests */,
				C092E30523F0CA8300B79FF8 /* Products */,
			);
			sourceTree = "<group>";
		};
		C092E30523F0CA8300B79FF8 /* Products */ = {
			isa = PBXGroup;
			children = (
				C092E30423F0CA8300B79FF8 /* Divvy.app */,
				C092E31D23F0CA8700B79FF8 /* DivvyTests.xctest */,
				C092E32823F0CA8700B79FF8 /* DivvyUITests.xctest */,
			);
			name = Products;
			sourceTree = "<group>";
		};
		C092E30623F0CA8300B79FF8 /* Divvy */ = {
			isa = PBXGroup;
			children = (
				C092E31823F0CA8700B79FF8 /* Info.plist */,
				C092E30723F0CA8300B79FF8 /* AppDelegate.swift */,
				C092E34F23F0D3B500B79FF8 /* Model */,
				C092E34D23F0D35500B79FF8 /* Views */,
				C092E34E23F0D38E00B79FF8 /* Controllers */,
				C092E34123F0CF2500B79FF8 /* Login */,
				C092E34723F0CF5300B79FF8 /* SignUp */,
				C092E34A23F0CF7800B79FF8 /* Verification */,
				C03167FD23F47D9A0094A6F3 /* ConfirmCode */,
				C092E34423F0CF3900B79FF8 /* Profile */,
				C070981E23F3E63500CEC9E4 /* AddItem */,
				C092E33E23F0CEC400B79FF8 /* Marketplace */,
				C070981723F3E3CA00CEC9E4 /* CurrentOrders */,
				C092E33B23F0CE9000B79FF8 /* Chat */,
				C092E33A23F0CE6A00B79FF8 /* Backend */,
				C07097FD23F3A65F00CEC9E4 /* SupportingFiles */,
			);
			path = Divvy;
			sourceTree = "<group>";
		};
		C092E32023F0CA8700B79FF8 /* DivvyTests */ = {
			isa = PBXGroup;
			children = (
				C092E32123F0CA8700B79FF8 /* DivvyTests.swift */,
				C092E32323F0CA8700B79FF8 /* Info.plist */,
			);
			path = DivvyTests;
			sourceTree = "<group>";
		};
		C092E32B23F0CA8700B79FF8 /* DivvyUITests */ = {
			isa = PBXGroup;
			children = (
				C092E32C23F0CA8700B79FF8 /* DivvyUITests.swift */,
				C092E32E23F0CA8700B79FF8 /* Info.plist */,
			);
			path = DivvyUITests;
			sourceTree = "<group>";
		};
		C092E33A23F0CE6A00B79FF8 /* Backend */ = {
			isa = PBXGroup;
			children = (
				C031680423F485810094A6F3 /* MaxFile.md */,
			);
			path = Backend;
			sourceTree = "<group>";
		};
		C092E33B23F0CE9000B79FF8 /* Chat */ = {
			isa = PBXGroup;
			children = (
				C092E33D23F0CEB500B79FF8 /* Controllers */,
				C092E33C23F0CEA000B79FF8 /* Views */,
			);
			path = Chat;
			sourceTree = "<group>";
		};
		C092E33C23F0CEA000B79FF8 /* Views */ = {
			isa = PBXGroup;
			children = (
				C070981323F3AE2E00CEC9E4 /* ChatViewController.xib */,
			);
			path = Views;
			sourceTree = "<group>";
		};
		C092E33D23F0CEB500B79FF8 /* Controllers */ = {
			isa = PBXGroup;
			children = (
				C070981223F3AE2E00CEC9E4 /* ChatViewController.swift */,
			);
			path = Controllers;
			sourceTree = "<group>";
		};
		C092E33E23F0CEC400B79FF8 /* Marketplace */ = {
			isa = PBXGroup;
			children = (
				C092E34023F0CED500B79FF8 /* Controllers */,
				C092E33F23F0CECF00B79FF8 /* Views */,
			);
			path = Marketplace;
			sourceTree = "<group>";
		};
		C092E33F23F0CECF00B79FF8 /* Views */ = {
			isa = PBXGroup;
			children = (
				C070980F23F3AE0000CEC9E4 /* MarketplaceViewController.xib */,
			);
			path = Views;
			sourceTree = "<group>";
		};
		C092E34023F0CED500B79FF8 /* Controllers */ = {
			isa = PBXGroup;
			children = (
				C070980E23F3AE0000CEC9E4 /* MarketplaceViewController.swift */,
			);
			path = Controllers;
			sourceTree = "<group>";
		};
		C092E34123F0CF2500B79FF8 /* Login */ = {
			isa = PBXGroup;
			children = (
				C092E34323F0CF3000B79FF8 /* Controllers */,
				C092E34223F0CF2A00B79FF8 /* Views */,
			);
			path = Login;
			sourceTree = "<group>";
		};
		C092E34223F0CF2A00B79FF8 /* Views */ = {
			isa = PBXGroup;
			children = (
				3F2BA75523F74DA200E91400 /* LoginViewController.xib */,
			);
			path = Views;
			sourceTree = "<group>";
		};
		C092E34323F0CF3000B79FF8 /* Controllers */ = {
			isa = PBXGroup;
			children = (
				C070980A23F3ADD800CEC9E4 /* LoginViewController.swift */,
				3F2BA75723F74F1A00E91400 /* LoginView.swift */,
			);
			path = Controllers;
			sourceTree = "<group>";
		};
		C092E34423F0CF3900B79FF8 /* Profile */ = {
			isa = PBXGroup;
			children = (
				C092E34623F0CF4700B79FF8 /* Controllers */,
				C092E34523F0CF4200B79FF8 /* Views */,
			);
			path = Profile;
			sourceTree = "<group>";
		};
		C092E34523F0CF4200B79FF8 /* Views */ = {
			isa = PBXGroup;
			children = (
				C070980723F3ADBC00CEC9E4 /* ProfileViewController.xib */,
			);
			path = Views;
			sourceTree = "<group>";
		};
		C092E34623F0CF4700B79FF8 /* Controllers */ = {
			isa = PBXGroup;
			children = (
				C070980623F3ADBC00CEC9E4 /* ProfileViewController.swift */,
			);
			path = Controllers;
			sourceTree = "<group>";
		};
		C092E34723F0CF5300B79FF8 /* SignUp */ = {
			isa = PBXGroup;
			children = (
				C092E34923F0CF6800B79FF8 /* Controllers */,
				C092E34823F0CF5F00B79FF8 /* Views */,
			);
			path = SignUp;
			sourceTree = "<group>";
		};
		C092E34823F0CF5F00B79FF8 /* Views */ = {
			isa = PBXGroup;
			children = (
				C070980323F3AD8C00CEC9E4 /* SignUpViewController.xib */,
			);
			path = Views;
			sourceTree = "<group>";
		};
		C092E34923F0CF6800B79FF8 /* Controllers */ = {
			isa = PBXGroup;
			children = (
				C070980223F3AD8C00CEC9E4 /* SignUpViewController.swift */,
				3F2BA75923F75F2300E91400 /* SignUpView.swift */,
			);
			path = Controllers;
			sourceTree = "<group>";
		};
		C092E34A23F0CF7800B79FF8 /* Verification */ = {
			isa = PBXGroup;
			children = (
				C092E34C23F0CF8500B79FF8 /* Controllers */,
				C092E34B23F0CF8000B79FF8 /* Views */,
			);
			path = Verification;
			sourceTree = "<group>";
		};
		C092E34B23F0CF8000B79FF8 /* Views */ = {
			isa = PBXGroup;
			children = (
				C07097FF23F3AD6900CEC9E4 /* VerificationViewController.xib */,
			);
			path = Views;
			sourceTree = "<group>";
		};
		C092E34C23F0CF8500B79FF8 /* Controllers */ = {
			isa = PBXGroup;
			children = (
				C07097FE23F3AD6900CEC9E4 /* VerificationViewController.swift */,
			);
			path = Controllers;
			sourceTree = "<group>";
		};
		C092E34D23F0D35500B79FF8 /* Views */ = {
			isa = PBXGroup;
			children = (
				C092E31523F0CA8700B79FF8 /* LaunchScreen.storyboard */,
				C092E30D23F0CA8300B79FF8 /* Main.storyboard */,
			);
			path = Views;
			sourceTree = "<group>";
		};
		C092E34E23F0D38E00B79FF8 /* Controllers */ = {
			isa = PBXGroup;
			children = (
				C092E30B23F0CA8300B79FF8 /* ViewController.swift */,
			);
			path = Controllers;
			sourceTree = "<group>";
		};
		C092E34F23F0D3B500B79FF8 /* Model */ = {
			isa = PBXGroup;
			children = (
				C092E31023F0CA8300B79FF8 /* Divvy.xcdatamodeld */,
			);
			path = Model;
			sourceTree = "<group>";
		};
/* End PBXGroup section */

/* Begin PBXNativeTarget section */
		C092E30323F0CA8300B79FF8 /* Divvy */ = {
			isa = PBXNativeTarget;
			buildConfigurationList = C092E33123F0CA8700B79FF8 /* Build configuration list for PBXNativeTarget "Divvy" */;
			buildPhases = (
				C092E30023F0CA8300B79FF8 /* Sources */,
				C092E30123F0CA8300B79FF8 /* Frameworks */,
				C092E30223F0CA8300B79FF8 /* Resources */,
			);
			buildRules = (
			);
			dependencies = (
			);
			name = Divvy;
			productName = Divvy;
			productReference = C092E30423F0CA8300B79FF8 /* Divvy.app */;
			productType = "com.apple.product-type.application";
		};
		C092E31C23F0CA8700B79FF8 /* DivvyTests */ = {
			isa = PBXNativeTarget;
			buildConfigurationList = C092E33423F0CA8700B79FF8 /* Build configuration list for PBXNativeTarget "DivvyTests" */;
			buildPhases = (
				C092E31923F0CA8700B79FF8 /* Sources */,
				C092E31A23F0CA8700B79FF8 /* Frameworks */,
				C092E31B23F0CA8700B79FF8 /* Resources */,
			);
			buildRules = (
			);
			dependencies = (
				C092E31F23F0CA8700B79FF8 /* PBXTargetDependency */,
			);
			name = DivvyTests;
			productName = DivvyTests;
			productReference = C092E31D23F0CA8700B79FF8 /* DivvyTests.xctest */;
			productType = "com.apple.product-type.bundle.unit-test";
		};
		C092E32723F0CA8700B79FF8 /* DivvyUITests */ = {
			isa = PBXNativeTarget;
			buildConfigurationList = C092E33723F0CA8700B79FF8 /* Build configuration list for PBXNativeTarget "DivvyUITests" */;
			buildPhases = (
				C092E32423F0CA8700B79FF8 /* Sources */,
				C092E32523F0CA8700B79FF8 /* Frameworks */,
				C092E32623F0CA8700B79FF8 /* Resources */,
			);
			buildRules = (
			);
			dependencies = (
				C092E32A23F0CA8700B79FF8 /* PBXTargetDependency */,
			);
			name = DivvyUITests;
			productName = DivvyUITests;
			productReference = C092E32823F0CA8700B79FF8 /* DivvyUITests.xctest */;
			productType = "com.apple.product-type.bundle.ui-testing";
		};
/* End PBXNativeTarget section */

/* Begin PBXProject section */
		C092E2FC23F0CA8300B79FF8 /* Project object */ = {
			isa = PBXProject;
			attributes = {
				LastSwiftUpdateCheck = 1130;
				LastUpgradeCheck = 1130;
				ORGANIZATIONNAME = "Jessica Trinh";
				TargetAttributes = {
					C092E30323F0CA8300B79FF8 = {
						CreatedOnToolsVersion = 11.3.1;
					};
					C092E31C23F0CA8700B79FF8 = {
						CreatedOnToolsVersion = 11.3.1;
						TestTargetID = C092E30323F0CA8300B79FF8;
					};
					C092E32723F0CA8700B79FF8 = {
						CreatedOnToolsVersion = 11.3.1;
						TestTargetID = C092E30323F0CA8300B79FF8;
					};
				};
			};
			buildConfigurationList = C092E2FF23F0CA8300B79FF8 /* Build configuration list for PBXProject "Divvy" */;
			compatibilityVersion = "Xcode 9.3";
			developmentRegion = en;
			hasScannedForEncodings = 0;
			knownRegions = (
				en,
				Base,
			);
			mainGroup = C092E2FB23F0CA8300B79FF8;
			productRefGroup = C092E30523F0CA8300B79FF8 /* Products */;
			projectDirPath = "";
			projectRoot = "";
			targets = (
				C092E30323F0CA8300B79FF8 /* Divvy */,
				C092E31C23F0CA8700B79FF8 /* DivvyTests */,
				C092E32723F0CA8700B79FF8 /* DivvyUITests */,
			);
		};
/* End PBXProject section */

/* Begin PBXResourcesBuildPhase section */
		C092E30223F0CA8300B79FF8 /* Resources */ = {
			isa = PBXResourcesBuildPhase;
			buildActionMask = 2147483647;
			files = (
				C070982423F3E68200CEC9E4 /* AddItemViewController.xib in Resources */,
				C070980923F3ADBC00CEC9E4 /* ProfileViewController.xib in Resources */,
				C031680323F47DD20094A6F3 /* ConfirmCodeViewController.xib in Resources */,
				C070980523F3AD8C00CEC9E4 /* SignUpViewController.xib in Resources */,
				C070981523F3AE2E00CEC9E4 /* ChatViewController.xib in Resources */,
				C092E31723F0CA8700B79FF8 /* LaunchScreen.storyboard in Resources */,
				C070980123F3AD6900CEC9E4 /* VerificationViewController.xib in Resources */,
				C070981D23F3E40A00CEC9E4 /* CurrentOrdersViewController.xib in Resources */,
				3F2BA75623F74DA200E91400 /* LoginViewController.xib in Resources */,
				C092E31423F0CA8700B79FF8 /* Assets.xcassets in Resources */,
				C070981123F3AE0000CEC9E4 /* MarketplaceViewController.xib in Resources */,
				C092E30F23F0CA8300B79FF8 /* Main.storyboard in Resources */,
			);
			runOnlyForDeploymentPostprocessing = 0;
		};
		C092E31B23F0CA8700B79FF8 /* Resources */ = {
			isa = PBXResourcesBuildPhase;
			buildActionMask = 2147483647;
			files = (
			);
			runOnlyForDeploymentPostprocessing = 0;
		};
		C092E32623F0CA8700B79FF8 /* Resources */ = {
			isa = PBXResourcesBuildPhase;
			buildActionMask = 2147483647;
			files = (
			);
			runOnlyForDeploymentPostprocessing = 0;
		};
/* End PBXResourcesBuildPhase section */

/* Begin PBXSourcesBuildPhase section */
		C092E30023F0CA8300B79FF8 /* Sources */ = {
			isa = PBXSourcesBuildPhase;
			buildActionMask = 2147483647;
			files = (
				C070980423F3AD8C00CEC9E4 /* SignUpViewController.swift in Sources */,
				3F2BA75A23F75F2300E91400 /* SignUpView.swift in Sources */,
				C092E31223F0CA8300B79FF8 /* Divvy.xcdatamodeld in Sources */,
				C070981023F3AE0000CEC9E4 /* MarketplaceViewController.swift in Sources */,
				C092E30C23F0CA8300B79FF8 /* ViewController.swift in Sources */,
				C070980023F3AD6900CEC9E4 /* VerificationViewController.swift in Sources */,
				C070982323F3E68200CEC9E4 /* AddItemViewController.swift in Sources */,
				C070980C23F3ADD800CEC9E4 /* LoginViewController.swift in Sources */,
				C070981C23F3E40A00CEC9E4 /* CurrentOrdersViewController.swift in Sources */,
				3F2BA75823F74F1A00E91400 /* LoginView.swift in Sources */,
				C070980823F3ADBC00CEC9E4 /* ProfileViewController.swift in Sources */,
				C092E30823F0CA8300B79FF8 /* AppDelegate.swift in Sources */,
				C070981423F3AE2E00CEC9E4 /* ChatViewController.swift in Sources */,
				C092E30A23F0CA8300B79FF8 /* SceneDelegate.swift in Sources */,
				C031680223F47DD20094A6F3 /* ConfirmCodeViewController.swift in Sources */,
			);
			runOnlyForDeploymentPostprocessing = 0;
		};
		C092E31923F0CA8700B79FF8 /* Sources */ = {
			isa = PBXSourcesBuildPhase;
			buildActionMask = 2147483647;
			files = (
				C092E32223F0CA8700B79FF8 /* DivvyTests.swift in Sources */,
			);
			runOnlyForDeploymentPostprocessing = 0;
		};
		C092E32423F0CA8700B79FF8 /* Sources */ = {
			isa = PBXSourcesBuildPhase;
			buildActionMask = 2147483647;
			files = (
				C092E32D23F0CA8700B79FF8 /* DivvyUITests.swift in Sources */,
			);
			runOnlyForDeploymentPostprocessing = 0;
		};
/* End PBXSourcesBuildPhase section */

/* Begin PBXTargetDependency section */
		C092E31F23F0CA8700B79FF8 /* PBXTargetDependency */ = {
			isa = PBXTargetDependency;
			target = C092E30323F0CA8300B79FF8 /* Divvy */;
			targetProxy = C092E31E23F0CA8700B79FF8 /* PBXContainerItemProxy */;
		};
		C092E32A23F0CA8700B79FF8 /* PBXTargetDependency */ = {
			isa = PBXTargetDependency;
			target = C092E30323F0CA8300B79FF8 /* Divvy */;
			targetProxy = C092E32923F0CA8700B79FF8 /* PBXContainerItemProxy */;
		};
/* End PBXTargetDependency section */

/* Begin PBXVariantGroup section */
		C092E30D23F0CA8300B79FF8 /* Main.storyboard */ = {
			isa = PBXVariantGroup;
			children = (
				C092E30E23F0CA8300B79FF8 /* Base */,
			);
			name = Main.storyboard;
			sourceTree = "<group>";
		};
		C092E31523F0CA8700B79FF8 /* LaunchScreen.storyboard */ = {
			isa = PBXVariantGroup;
			children = (
				C092E31623F0CA8700B79FF8 /* Base */,
			);
			name = LaunchScreen.storyboard;
			sourceTree = "<group>";
		};
/* End PBXVariantGroup section */

/* Begin XCBuildConfiguration section */
		C092E32F23F0CA8700B79FF8 /* Debug */ = {
			isa = XCBuildConfiguration;
			buildSettings = {
				ALWAYS_SEARCH_USER_PATHS = NO;
				CLANG_ANALYZER_NONNULL = YES;
				CLANG_ANALYZER_NUMBER_OBJECT_CONVERSION = YES_AGGRESSIVE;
				CLANG_CXX_LANGUAGE_STANDARD = "gnu++14";
				CLANG_CXX_LIBRARY = "libc++";
				CLANG_ENABLE_MODULES = YES;
				CLANG_ENABLE_OBJC_ARC = YES;
				CLANG_ENABLE_OBJC_WEAK = YES;
				CLANG_WARN_BLOCK_CAPTURE_AUTORELEASING = YES;
				CLANG_WARN_BOOL_CONVERSION = YES;
				CLANG_WARN_COMMA = YES;
				CLANG_WARN_CONSTANT_CONVERSION = YES;
				CLANG_WARN_DEPRECATED_OBJC_IMPLEMENTATIONS = YES;
				CLANG_WARN_DIRECT_OBJC_ISA_USAGE = YES_ERROR;
				CLANG_WARN_DOCUMENTATION_COMMENTS = YES;
				CLANG_WARN_EMPTY_BODY = YES;
				CLANG_WARN_ENUM_CONVERSION = YES;
				CLANG_WARN_INFINITE_RECURSION = YES;
				CLANG_WARN_INT_CONVERSION = YES;
				CLANG_WARN_NON_LITERAL_NULL_CONVERSION = YES;
				CLANG_WARN_OBJC_IMPLICIT_RETAIN_SELF = YES;
				CLANG_WARN_OBJC_LITERAL_CONVERSION = YES;
				CLANG_WARN_OBJC_ROOT_CLASS = YES_ERROR;
				CLANG_WARN_RANGE_LOOP_ANALYSIS = YES;
				CLANG_WARN_STRICT_PROTOTYPES = YES;
				CLANG_WARN_SUSPICIOUS_MOVE = YES;
				CLANG_WARN_UNGUARDED_AVAILABILITY = YES_AGGRESSIVE;
				CLANG_WARN_UNREACHABLE_CODE = YES;
				CLANG_WARN__DUPLICATE_METHOD_MATCH = YES;
				COPY_PHASE_STRIP = NO;
				DEBUG_INFORMATION_FORMAT = dwarf;
				ENABLE_STRICT_OBJC_MSGSEND = YES;
				ENABLE_TESTABILITY = YES;
				GCC_C_LANGUAGE_STANDARD = gnu11;
				GCC_DYNAMIC_NO_PIC = NO;
				GCC_NO_COMMON_BLOCKS = YES;
				GCC_OPTIMIZATION_LEVEL = 0;
				GCC_PREPROCESSOR_DEFINITIONS = (
					"DEBUG=1",
					"$(inherited)",
				);
				GCC_WARN_64_TO_32_BIT_CONVERSION = YES;
				GCC_WARN_ABOUT_RETURN_TYPE = YES_ERROR;
				GCC_WARN_UNDECLARED_SELECTOR = YES;
				GCC_WARN_UNINITIALIZED_AUTOS = YES_AGGRESSIVE;
				GCC_WARN_UNUSED_FUNCTION = YES;
				GCC_WARN_UNUSED_VARIABLE = YES;
				IPHONEOS_DEPLOYMENT_TARGET = 13.2;
				MTL_ENABLE_DEBUG_INFO = INCLUDE_SOURCE;
				MTL_FAST_MATH = YES;
				ONLY_ACTIVE_ARCH = YES;
				SDKROOT = iphoneos;
				SWIFT_ACTIVE_COMPILATION_CONDITIONS = DEBUG;
				SWIFT_OPTIMIZATION_LEVEL = "-Onone";
			};
			name = Debug;
		};
		C092E33023F0CA8700B79FF8 /* Release */ = {
			isa = XCBuildConfiguration;
			buildSettings = {
				ALWAYS_SEARCH_USER_PATHS = NO;
				CLANG_ANALYZER_NONNULL = YES;
				CLANG_ANALYZER_NUMBER_OBJECT_CONVERSION = YES_AGGRESSIVE;
				CLANG_CXX_LANGUAGE_STANDARD = "gnu++14";
				CLANG_CXX_LIBRARY = "libc++";
				CLANG_ENABLE_MODULES = YES;
				CLANG_ENABLE_OBJC_ARC = YES;
				CLANG_ENABLE_OBJC_WEAK = YES;
				CLANG_WARN_BLOCK_CAPTURE_AUTORELEASING = YES;
				CLANG_WARN_BOOL_CONVERSION = YES;
				CLANG_WARN_COMMA = YES;
				CLANG_WARN_CONSTANT_CONVERSION = YES;
				CLANG_WARN_DEPRECATED_OBJC_IMPLEMENTATIONS = YES;
				CLANG_WARN_DIRECT_OBJC_ISA_USAGE = YES_ERROR;
				CLANG_WARN_DOCUMENTATION_COMMENTS = YES;
				CLANG_WARN_EMPTY_BODY = YES;
				CLANG_WARN_ENUM_CONVERSION = YES;
				CLANG_WARN_INFINITE_RECURSION = YES;
				CLANG_WARN_INT_CONVERSION = YES;
				CLANG_WARN_NON_LITERAL_NULL_CONVERSION = YES;
				CLANG_WARN_OBJC_IMPLICIT_RETAIN_SELF = YES;
				CLANG_WARN_OBJC_LITERAL_CONVERSION = YES;
				CLANG_WARN_OBJC_ROOT_CLASS = YES_ERROR;
				CLANG_WARN_RANGE_LOOP_ANALYSIS = YES;
				CLANG_WARN_STRICT_PROTOTYPES = YES;
				CLANG_WARN_SUSPICIOUS_MOVE = YES;
				CLANG_WARN_UNGUARDED_AVAILABILITY = YES_AGGRESSIVE;
				CLANG_WARN_UNREACHABLE_CODE = YES;
				CLANG_WARN__DUPLICATE_METHOD_MATCH = YES;
				COPY_PHASE_STRIP = NO;
				DEBUG_INFORMATION_FORMAT = "dwarf-with-dsym";
				ENABLE_NS_ASSERTIONS = NO;
				ENABLE_STRICT_OBJC_MSGSEND = YES;
				GCC_C_LANGUAGE_STANDARD = gnu11;
				GCC_NO_COMMON_BLOCKS = YES;
				GCC_WARN_64_TO_32_BIT_CONVERSION = YES;
				GCC_WARN_ABOUT_RETURN_TYPE = YES_ERROR;
				GCC_WARN_UNDECLARED_SELECTOR = YES;
				GCC_WARN_UNINITIALIZED_AUTOS = YES_AGGRESSIVE;
				GCC_WARN_UNUSED_FUNCTION = YES;
				GCC_WARN_UNUSED_VARIABLE = YES;
				IPHONEOS_DEPLOYMENT_TARGET = 13.2;
				MTL_ENABLE_DEBUG_INFO = NO;
				MTL_FAST_MATH = YES;
				SDKROOT = iphoneos;
				SWIFT_COMPILATION_MODE = wholemodule;
				SWIFT_OPTIMIZATION_LEVEL = "-O";
				VALIDATE_PRODUCT = YES;
			};
			name = Release;
		};
		C092E33223F0CA8700B79FF8 /* Debug */ = {
			isa = XCBuildConfiguration;
			buildSettings = {
				ASSETCATALOG_COMPILER_APPICON_NAME = AppIcon;
				CODE_SIGN_STYLE = Automatic;
				DEVELOPMENT_TEAM = 95TXKAQ9ZU;
				INFOPLIST_FILE = Divvy/Info.plist;
				LD_RUNPATH_SEARCH_PATHS = (
					"$(inherited)",
					"@executable_path/Frameworks",
				);
				PRODUCT_BUNDLE_IDENTIFIER = "com.jessica-trinh.Divvy";
				PRODUCT_NAME = "$(TARGET_NAME)";
				SWIFT_VERSION = 5.0;
				TARGETED_DEVICE_FAMILY = "1,2";
			};
			name = Debug;
		};
		C092E33323F0CA8700B79FF8 /* Release */ = {
			isa = XCBuildConfiguration;
			buildSettings = {
				ASSETCATALOG_COMPILER_APPICON_NAME = AppIcon;
				CODE_SIGN_STYLE = Automatic;
				DEVELOPMENT_TEAM = 95TXKAQ9ZU;
				INFOPLIST_FILE = Divvy/Info.plist;
				LD_RUNPATH_SEARCH_PATHS = (
					"$(inherited)",
					"@executable_path/Frameworks",
				);
				PRODUCT_BUNDLE_IDENTIFIER = "com.jessica-trinh.Divvy";
				PRODUCT_NAME = "$(TARGET_NAME)";
				SWIFT_VERSION = 5.0;
				TARGETED_DEVICE_FAMILY = "1,2";
			};
			name = Release;
		};
		C092E33523F0CA8700B79FF8 /* Debug */ = {
			isa = XCBuildConfiguration;
			buildSettings = {
				ALWAYS_EMBED_SWIFT_STANDARD_LIBRARIES = YES;
				BUNDLE_LOADER = "$(TEST_HOST)";
				CODE_SIGN_STYLE = Automatic;
				DEVELOPMENT_TEAM = 95TXKAQ9ZU;
				INFOPLIST_FILE = DivvyTests/Info.plist;
				IPHONEOS_DEPLOYMENT_TARGET = 13.2;
				LD_RUNPATH_SEARCH_PATHS = (
					"$(inherited)",
					"@executable_path/Frameworks",
					"@loader_path/Frameworks",
				);
				PRODUCT_BUNDLE_IDENTIFIER = "com.jessica-trinh.DivvyTests";
				PRODUCT_NAME = "$(TARGET_NAME)";
				SWIFT_VERSION = 5.0;
				TARGETED_DEVICE_FAMILY = "1,2";
				TEST_HOST = "$(BUILT_PRODUCTS_DIR)/Divvy.app/Divvy";
			};
			name = Debug;
		};
		C092E33623F0CA8700B79FF8 /* Release */ = {
			isa = XCBuildConfiguration;
			buildSettings = {
				ALWAYS_EMBED_SWIFT_STANDARD_LIBRARIES = YES;
				BUNDLE_LOADER = "$(TEST_HOST)";
				CODE_SIGN_STYLE = Automatic;
				DEVELOPMENT_TEAM = 95TXKAQ9ZU;
				INFOPLIST_FILE = DivvyTests/Info.plist;
				IPHONEOS_DEPLOYMENT_TARGET = 13.2;
				LD_RUNPATH_SEARCH_PATHS = (
					"$(inherited)",
					"@executable_path/Frameworks",
					"@loader_path/Frameworks",
				);
				PRODUCT_BUNDLE_IDENTIFIER = "com.jessica-trinh.DivvyTests";
				PRODUCT_NAME = "$(TARGET_NAME)";
				SWIFT_VERSION = 5.0;
				TARGETED_DEVICE_FAMILY = "1,2";
				TEST_HOST = "$(BUILT_PRODUCTS_DIR)/Divvy.app/Divvy";
			};
			name = Release;
		};
		C092E33823F0CA8700B79FF8 /* Debug */ = {
			isa = XCBuildConfiguration;
			buildSettings = {
				ALWAYS_EMBED_SWIFT_STANDARD_LIBRARIES = YES;
				CODE_SIGN_STYLE = Automatic;
				DEVELOPMENT_TEAM = 95TXKAQ9ZU;
				INFOPLIST_FILE = DivvyUITests/Info.plist;
				LD_RUNPATH_SEARCH_PATHS = (
					"$(inherited)",
					"@executable_path/Frameworks",
					"@loader_path/Frameworks",
				);
				PRODUCT_BUNDLE_IDENTIFIER = "com.jessica-trinh.DivvyUITests";
				PRODUCT_NAME = "$(TARGET_NAME)";
				SWIFT_VERSION = 5.0;
				TARGETED_DEVICE_FAMILY = "1,2";
				TEST_TARGET_NAME = Divvy;
			};
			name = Debug;
		};
		C092E33923F0CA8700B79FF8 /* Release */ = {
			isa = XCBuildConfiguration;
			buildSettings = {
				ALWAYS_EMBED_SWIFT_STANDARD_LIBRARIES = YES;
				CODE_SIGN_STYLE = Automatic;
				DEVELOPMENT_TEAM = 95TXKAQ9ZU;
				INFOPLIST_FILE = DivvyUITests/Info.plist;
				LD_RUNPATH_SEARCH_PATHS = (
					"$(inherited)",
					"@executable_path/Frameworks",
					"@loader_path/Frameworks",
				);
				PRODUCT_BUNDLE_IDENTIFIER = "com.jessica-trinh.DivvyUITests";
				PRODUCT_NAME = "$(TARGET_NAME)";
				SWIFT_VERSION = 5.0;
				TARGETED_DEVICE_FAMILY = "1,2";
				TEST_TARGET_NAME = Divvy;
			};
			name = Release;
		};
/* End XCBuildConfiguration section */

/* Begin XCConfigurationList section */
		C092E2FF23F0CA8300B79FF8 /* Build configuration list for PBXProject "Divvy" */ = {
			isa = XCConfigurationList;
			buildConfigurations = (
				C092E32F23F0CA8700B79FF8 /* Debug */,
				C092E33023F0CA8700B79FF8 /* Release */,
			);
			defaultConfigurationIsVisible = 0;
			defaultConfigurationName = Release;
		};
		C092E33123F0CA8700B79FF8 /* Build configuration list for PBXNativeTarget "Divvy" */ = {
			isa = XCConfigurationList;
			buildConfigurations = (
				C092E33223F0CA8700B79FF8 /* Debug */,
				C092E33323F0CA8700B79FF8 /* Release */,
			);
			defaultConfigurationIsVisible = 0;
			defaultConfigurationName = Release;
		};
		C092E33423F0CA8700B79FF8 /* Build configuration list for PBXNativeTarget "DivvyTests" */ = {
			isa = XCConfigurationList;
			buildConfigurations = (
				C092E33523F0CA8700B79FF8 /* Debug */,
				C092E33623F0CA8700B79FF8 /* Release */,
			);
			defaultConfigurationIsVisible = 0;
			defaultConfigurationName = Release;
		};
		C092E33723F0CA8700B79FF8 /* Build configuration list for PBXNativeTarget "DivvyUITests" */ = {
			isa = XCConfigurationList;
			buildConfigurations = (
				C092E33823F0CA8700B79FF8 /* Debug */,
				C092E33923F0CA8700B79FF8 /* Release */,
			);
			defaultConfigurationIsVisible = 0;
			defaultConfigurationName = Release;
		};
/* End XCConfigurationList section */

/* Begin XCVersionGroup section */
		C092E31023F0CA8300B79FF8 /* Divvy.xcdatamodeld */ = {
			isa = XCVersionGroup;
			children = (
				C092E31123F0CA8300B79FF8 /* Divvy.xcdatamodel */,
			);
			currentVersion = C092E31123F0CA8300B79FF8 /* Divvy.xcdatamodel */;
			path = Divvy.xcdatamodeld;
			sourceTree = "<group>";
			versionGroupType = wrapper.xcdatamodel;
		};
/* End XCVersionGroup section */
	};
	rootObject = C092E2FC23F0CA8300B79FF8 /* Project object */;
}
